
Microsoft Visual Studio Solution File, Format Version 12.00
# Visual Studio Version 17
VisualStudioVersion = 17.3.32825.248
MinimumVisualStudioVersion = 10.0.40219.1
Project("{FAE04EC0-301F-11D3-BF4B-00C04F79EFBC}") = "asp_login", "asp_login\asp_login.csproj", "{46FB4F20-1AB1-4F6D-9D2E-0289EC0C5759}"
EndProject
Global
	GlobalSection(SolutionConfigurationPlatforms) = preSolution
		Debug|Any CPU = Debug|Any CPU
		Release|Any CPU = Release|Any CPU
	EndGlobalSection
	GlobalSection(ProjectConfigurationPlatforms) = postSolution
		{46FB4F20-1AB1-4F6D-9D2E-0289EC0C5759}.Debug|Any CPU.ActiveCfg = Debug|Any CPU
		{46FB4F20-1AB1-4F6D-9D2E-0289EC0C5759}.Debug|Any CPU.Build.0 = Debug|Any CPU
		{46FB4F20-1AB1-4F6D-9D2E-0289EC0C5759}.Release|Any CPU.ActiveCfg = Release|Any CPU
		{46FB4F20-1AB1-4F6D-9D2E-0289EC0C5759}.Release|Any CPU.Build.0 = Release|Any CPU
	EndGlobalSection
	GlobalSection(SolutionProperties) = preSolution
		HideSolutionNode = FALSE
	EndGlobalSection
	GlobalSection(ExtensibilityGlobals) = postSolution
		SolutionGuid = {D300AEA9-B888-45CD-BBE3-A075A10C455C}
	EndGlobalSection
EndGlobal
