
Microsoft Visual Studio Solution File, Format Version 12.00
# Visual Studio Version 17
VisualStudioVersion = 17.3.32825.248
MinimumVisualStudioVersion = 10.0.40219.1
Project("{FAE04EC0-301F-11D3-BF4B-00C04F79EFBC}") = "abstrakcja_to_moje_życie", "abstrakcja_to_moje_życie\abstrakcja_to_moje_życie.csproj", "{1192B705-D66D-470E-8D5E-DFD6C95D3104}"
EndProject
Global
	GlobalSection(SolutionConfigurationPlatforms) = preSolution
		Debug|Any CPU = Debug|Any CPU
		Release|Any CPU = Release|Any CPU
	EndGlobalSection
	GlobalSection(ProjectConfigurationPlatforms) = postSolution
		{1192B705-D66D-470E-8D5E-DFD6C95D3104}.Debug|Any CPU.ActiveCfg = Debug|Any CPU
		{1192B705-D66D-470E-8D5E-DFD6C95D3104}.Debug|Any CPU.Build.0 = Debug|Any CPU
		{1192B705-D66D-470E-8D5E-DFD6C95D3104}.Release|Any CPU.ActiveCfg = Release|Any CPU
		{1192B705-D66D-470E-8D5E-DFD6C95D3104}.Release|Any CPU.Build.0 = Release|Any CPU
	EndGlobalSection
	GlobalSection(SolutionProperties) = preSolution
		HideSolutionNode = FALSE
	EndGlobalSection
	GlobalSection(ExtensibilityGlobals) = postSolution
		SolutionGuid = {29780D40-E2AC-442E-B512-599859639EF2}
	EndGlobalSection
EndGlobal
