
Microsoft Visual Studio Solution File, Format Version 12.00
# Visual Studio Version 17
VisualStudioVersion = 17.7.34024.191
MinimumVisualStudioVersion = 10.0.40219.1
Project("{FAE04EC0-301F-11D3-BF4B-00C04F79EFBC}") = "PESEL", "PESEL.csproj", "{53510746-9681-4AFF-A8FB-F9DD7C33C0FF}"
EndProject
Global
	GlobalSection(SolutionConfigurationPlatforms) = preSolution
		Debug|Any CPU = Debug|Any CPU
		Release|Any CPU = Release|Any CPU
	EndGlobalSection
	GlobalSection(ProjectConfigurationPlatforms) = postSolution
		{53510746-9681-4AFF-A8FB-F9DD7C33C0FF}.Debug|Any CPU.ActiveCfg = Debug|Any CPU
		{53510746-9681-4AFF-A8FB-F9DD7C33C0FF}.Debug|Any CPU.Build.0 = Debug|Any CPU
		{53510746-9681-4AFF-A8FB-F9DD7C33C0FF}.Release|Any CPU.ActiveCfg = Release|Any CPU
		{53510746-9681-4AFF-A8FB-F9DD7C33C0FF}.Release|Any CPU.Build.0 = Release|Any CPU
	EndGlobalSection
	GlobalSection(SolutionProperties) = preSolution
		HideSolutionNode = FALSE
	EndGlobalSection
	GlobalSection(ExtensibilityGlobals) = postSolution
		SolutionGuid = {A44C2C35-BEFF-4B41-BDC7-8D8B8DE82488}
	EndGlobalSection
EndGlobal
