
Microsoft Visual Studio Solution File, Format Version 12.00
# Visual Studio Version 17
VisualStudioVersion = 17.7.34024.191
MinimumVisualStudioVersion = 10.0.40219.1
Project("{FAE04EC0-301F-11D3-BF4B-00C04F79EFBC}") = "PC_Build", "PC_Build.csproj", "{CF532DFA-A8D8-4215-AAD6-9D1E246A87A2}"
EndProject
Global
	GlobalSection(SolutionConfigurationPlatforms) = preSolution
		Debug|Any CPU = Debug|Any CPU
		Release|Any CPU = Release|Any CPU
	EndGlobalSection
	GlobalSection(ProjectConfigurationPlatforms) = postSolution
		{CF532DFA-A8D8-4215-AAD6-9D1E246A87A2}.Debug|Any CPU.ActiveCfg = Debug|Any CPU
		{CF532DFA-A8D8-4215-AAD6-9D1E246A87A2}.Debug|Any CPU.Build.0 = Debug|Any CPU
		{CF532DFA-A8D8-4215-AAD6-9D1E246A87A2}.Release|Any CPU.ActiveCfg = Release|Any CPU
		{CF532DFA-A8D8-4215-AAD6-9D1E246A87A2}.Release|Any CPU.Build.0 = Release|Any CPU
	EndGlobalSection
	GlobalSection(SolutionProperties) = preSolution
		HideSolutionNode = FALSE
	EndGlobalSection
	GlobalSection(ExtensibilityGlobals) = postSolution
		SolutionGuid = {38894326-068F-4F65-B32F-1332FFF5D8A4}
	EndGlobalSection
EndGlobal
