
Microsoft Visual Studio Solution File, Format Version 12.00
# Visual Studio Version 17
VisualStudioVersion = 17.7.34024.191
MinimumVisualStudioVersion = 10.0.40219.1
Project("{FAE04EC0-301F-11D3-BF4B-00C04F79EFBC}") = "API3", "API3\API3.csproj", "{4CE4F439-71CE-4FBD-940B-1E73DD3900AD}"
EndProject
Global
	GlobalSection(SolutionConfigurationPlatforms) = preSolution
		Debug|Any CPU = Debug|Any CPU
		Release|Any CPU = Release|Any CPU
	EndGlobalSection
	GlobalSection(ProjectConfigurationPlatforms) = postSolution
		{4CE4F439-71CE-4FBD-940B-1E73DD3900AD}.Debug|Any CPU.ActiveCfg = Debug|Any CPU
		{4CE4F439-71CE-4FBD-940B-1E73DD3900AD}.Debug|Any CPU.Build.0 = Debug|Any CPU
		{4CE4F439-71CE-4FBD-940B-1E73DD3900AD}.Release|Any CPU.ActiveCfg = Release|Any CPU
		{4CE4F439-71CE-4FBD-940B-1E73DD3900AD}.Release|Any CPU.Build.0 = Release|Any CPU
	EndGlobalSection
	GlobalSection(SolutionProperties) = preSolution
		HideSolutionNode = FALSE
	EndGlobalSection
	GlobalSection(ExtensibilityGlobals) = postSolution
		SolutionGuid = {1E4C92D8-CF83-4302-971F-475F0D70C2FE}
	EndGlobalSection
EndGlobal
