
Microsoft Visual Studio Solution File, Format Version 12.00
# Visual Studio Version 17
VisualStudioVersion = 17.3.32825.248
MinimumVisualStudioVersion = 10.0.40219.1
Project("{FAE04EC0-301F-11D3-BF4B-00C04F79EFBC}") = "13042023", "13042023\13042023.csproj", "{06578C7D-1184-4BB4-9F7C-8698A7E92443}"
EndProject
Global
	GlobalSection(SolutionConfigurationPlatforms) = preSolution
		Debug|Any CPU = Debug|Any CPU
		Release|Any CPU = Release|Any CPU
	EndGlobalSection
	GlobalSection(ProjectConfigurationPlatforms) = postSolution
		{06578C7D-1184-4BB4-9F7C-8698A7E92443}.Debug|Any CPU.ActiveCfg = Debug|Any CPU
		{06578C7D-1184-4BB4-9F7C-8698A7E92443}.Debug|Any CPU.Build.0 = Debug|Any CPU
		{06578C7D-1184-4BB4-9F7C-8698A7E92443}.Release|Any CPU.ActiveCfg = Release|Any CPU
		{06578C7D-1184-4BB4-9F7C-8698A7E92443}.Release|Any CPU.Build.0 = Release|Any CPU
	EndGlobalSection
	GlobalSection(SolutionProperties) = preSolution
		HideSolutionNode = FALSE
	EndGlobalSection
	GlobalSection(ExtensibilityGlobals) = postSolution
		SolutionGuid = {847188E0-1DD1-4D60-A672-C189D708B51B}
	EndGlobalSection
EndGlobal
